// !$*UTF8*$!
{
	archiveVersion = 1;
	classes = {
	};
	objectVersion = 46;
	objects = {

/* Begin PBXBuildFile section */
		B22690DB16751C3A005CF60C /* ObjclintSessionManager.m in Sources */ = {isa = PBXBuildFile; fileRef = B22690DA16751C3A005CF60C /* ObjclintSessionManager.m */; };
		B26F85311674F9DA00F940F4 /* Foundation.framework in Frameworks */ = {isa = PBXBuildFile; fileRef = B26F85301674F9DA00F940F4 /* Foundation.framework */; };
		B26F85461675007D00F940F4 /* Foundation.framework in Frameworks */ = {isa = PBXBuildFile; fileRef = B26F85301674F9DA00F940F4 /* Foundation.framework */; };
		B26F854E1675063F00F940F4 /* main.m in Sources */ = {isa = PBXBuildFile; fileRef = B26F85481675063F00F940F4 /* main.m */; };
		B26F85511675063F00F940F4 /* main.m in Sources */ = {isa = PBXBuildFile; fileRef = B26F854B1675063F00F940F4 /* main.m */; };
		B27348FC168720960031D877 /* ClangUtils.m in Sources */ = {isa = PBXBuildFile; fileRef = B27348FB168720960031D877 /* ClangUtils.m */; };
		B27348FF168721620031D877 /* ClangSpellingLocation.m in Sources */ = {isa = PBXBuildFile; fileRef = B27348FE168721620031D877 /* ClangSpellingLocation.m */; };
/* End PBXBuildFile section */

/* Begin PBXCopyFilesBuildPhase section */
		B26F85351675006C00F940F4 /* CopyFiles */ = {
			isa = PBXCopyFilesBuildPhase;
			buildActionMask = 2147483647;
			dstPath = /usr/share/man/man1/;
			dstSubfolderSpec = 0;
			files = (
			);
			runOnlyForDeploymentPostprocessing = 1;
		};
		B281CC8D164ECEBB0003A327 /* CopyFiles */ = {
			isa = PBXCopyFilesBuildPhase;
			buildActionMask = 2147483647;
			dstPath = /usr/share/man/man1/;
			dstSubfolderSpec = 0;
			files = (
			);
			runOnlyForDeploymentPostprocessing = 1;
		};
/* End PBXCopyFilesBuildPhase section */

/* Begin PBXFileReference section */
		B22690D916751C3A005CF60C /* ObjclintSessionManager.h */ = {isa = PBXFileReference; fileEncoding = 4; lastKnownFileType = sourcecode.c.h; path = ObjclintSessionManager.h; sourceTree = "<group>"; };
		B22690DA16751C3A005CF60C /* ObjclintSessionManager.m */ = {isa = PBXFileReference; fileEncoding = 4; lastKnownFileType = sourcecode.c.objc; path = ObjclintSessionManager.m; sourceTree = "<group>"; };
		B26F85301674F9DA00F940F4 /* Foundation.framework */ = {isa = PBXFileReference; lastKnownFileType = wrapper.framework; name = Foundation.framework; path = System/Library/Frameworks/Foundation.framework; sourceTree = SDKROOT; };
		B26F85371675006C00F940F4 /* objclint-coordinator */ = {isa = PBXFileReference; explicitFileType = "compiled.mach-o.executable"; includeInIndex = 0; path = "objclint-coordinator"; sourceTree = BUILT_PRODUCTS_DIR; };
		B26F85481675063F00F940F4 /* main.m */ = {isa = PBXFileReference; fileEncoding = 4; lastKnownFileType = sourcecode.c.objc; path = main.m; sourceTree = "<group>"; };
		B26F85491675063F00F940F4 /* objclint */ = {isa = PBXFileReference; fileEncoding = 4; lastKnownFileType = text.script.python; path = objclint; sourceTree = "<group>"; };
		B26F854B1675063F00F940F4 /* main.m */ = {isa = PBXFileReference; fileEncoding = 4; lastKnownFileType = sourcecode.c.objc; path = main.m; sourceTree = "<group>"; };
		B26F854C1675063F00F940F4 /* objclint-coordinator-Prefix.pch */ = {isa = PBXFileReference; fileEncoding = 4; lastKnownFileType = sourcecode.c.h; path = "objclint-coordinator-Prefix.pch"; sourceTree = "<group>"; };
		B26F854D1675063F00F940F4 /* objclint-xcodebuild */ = {isa = PBXFileReference; fileEncoding = 4; lastKnownFileType = text.script.sh; path = "objclint-xcodebuild"; sourceTree = "<group>"; };
		B26F85521675074000F940F4 /* objclint-Prefix.pch */ = {isa = PBXFileReference; lastKnownFileType = sourcecode.c.h; path = "objclint-Prefix.pch"; sourceTree = "<group>"; };
		B26F8556167519C500F940F4 /* ObjclintSessionManagerProtocol.h */ = {isa = PBXFileReference; lastKnownFileType = sourcecode.c.h; path = ObjclintSessionManagerProtocol.h; sourceTree = "<group>"; };
		B27348FA168720960031D877 /* ClangUtils.h */ = {isa = PBXFileReference; fileEncoding = 4; lastKnownFileType = sourcecode.c.h; path = ClangUtils.h; sourceTree = "<group>"; };
		B27348FB168720960031D877 /* ClangUtils.m */ = {isa = PBXFileReference; fileEncoding = 4; lastKnownFileType = sourcecode.c.objc; path = ClangUtils.m; sourceTree = "<group>"; };
		B27348FD168721620031D877 /* ClangSpellingLocation.h */ = {isa = PBXFileReference; fileEncoding = 4; lastKnownFileType = sourcecode.c.h; path = ClangSpellingLocation.h; sourceTree = "<group>"; };
		B27348FE168721620031D877 /* ClangSpellingLocation.m */ = {isa = PBXFileReference; fileEncoding = 4; lastKnownFileType = sourcecode.c.objc; path = ClangSpellingLocation.m; sourceTree = "<group>"; };
		B281CC8F164ECEBB0003A327 /* objclint */ = {isa = PBXFileReference; explicitFileType = "compiled.mach-o.executable"; includeInIndex = 0; path = objclint; sourceTree = BUILT_PRODUCTS_DIR; };
/* End PBXFileReference section */

/* Begin PBXFrameworksBuildPhase section */
		B26F85341675006C00F940F4 /* Frameworks */ = {
			isa = PBXFrameworksBuildPhase;
			buildActionMask = 2147483647;
			files = (
				B26F85461675007D00F940F4 /* Foundation.framework in Frameworks */,
			);
			runOnlyForDeploymentPostprocessing = 0;
		};
		B281CC8C164ECEBB0003A327 /* Frameworks */ = {
			isa = PBXFrameworksBuildPhase;
			buildActionMask = 2147483647;
			files = (
				B26F85311674F9DA00F940F4 /* Foundation.framework in Frameworks */,
			);
			runOnlyForDeploymentPostprocessing = 0;
		};
/* End PBXFrameworksBuildPhase section */

/* Begin PBXGroup section */
		B26111EF164ED0F20053F67B /* src */ = {
			isa = PBXGroup;
			children = (
				B26F85471675063F00F940F4 /* objclint */,
				B26F854A1675063F00F940F4 /* objclint-coordinator */,
				B26F854D1675063F00F940F4 /* objclint-xcodebuild */,
				B26F8556167519C500F940F4 /* ObjclintSessionManagerProtocol.h */,
			);
			path = src;
			sourceTree = "<group>";
		};
		B26F85321674F9E200F940F4 /* frameworks */ = {
			isa = PBXGroup;
			children = (
				B26F85301674F9DA00F940F4 /* Foundation.framework */,
			);
			name = frameworks;
			sourceTree = "<group>";
		};
		B26F85471675063F00F940F4 /* objclint */ = {
			isa = PBXGroup;
			children = (
				B26F85481675063F00F940F4 /* main.m */,
				B26F85491675063F00F940F4 /* objclint */,
				B26F85521675074000F940F4 /* objclint-Prefix.pch */,
				B27348FA168720960031D877 /* ClangUtils.h */,
				B27348FB168720960031D877 /* ClangUtils.m */,
				B27348FD168721620031D877 /* ClangSpellingLocation.h */,
				B27348FE168721620031D877 /* ClangSpellingLocation.m */,
			);
			path = objclint;
			sourceTree = "<group>";
		};
		B26F854A1675063F00F940F4 /* objclint-coordinator */ = {
			isa = PBXGroup;
			children = (
				B26F854B1675063F00F940F4 /* main.m */,
				B26F854C1675063F00F940F4 /* objclint-coordinator-Prefix.pch */,
				B22690D916751C3A005CF60C /* ObjclintSessionManager.h */,
				B22690DA16751C3A005CF60C /* ObjclintSessionManager.m */,
			);
			path = "objclint-coordinator";
			sourceTree = "<group>";
		};
		B281CC84164ECEBB0003A327 = {
			isa = PBXGroup;
			children = (
				B26F85321674F9E200F940F4 /* frameworks */,
				B26111EF164ED0F20053F67B /* src */,
				B281CC90164ECEBB0003A327 /* Products */,
			);
			sourceTree = "<group>";
		};
		B281CC90164ECEBB0003A327 /* Products */ = {
			isa = PBXGroup;
			children = (
				B281CC8F164ECEBB0003A327 /* objclint */,
				B26F85371675006C00F940F4 /* objclint-coordinator */,
			);
			name = Products;
			sourceTree = "<group>";
		};
/* End PBXGroup section */

/* Begin PBXNativeTarget section */
		B26F85361675006C00F940F4 /* objclint-coordinator */ = {
			isa = PBXNativeTarget;
			buildConfigurationList = B26F85431675006D00F940F4 /* Build configuration list for PBXNativeTarget "objclint-coordinator" */;
			buildPhases = (
				B26F85331675006C00F940F4 /* Sources */,
				B26F85341675006C00F940F4 /* Frameworks */,
				B26F85351675006C00F940F4 /* CopyFiles */,
			);
			buildRules = (
			);
			dependencies = (
			);
			name = "objclint-coordinator";
			productName = "objclint-coordinator";
			productReference = B26F85371675006C00F940F4 /* objclint-coordinator */;
			productType = "com.apple.product-type.tool";
		};
		B281CC8E164ECEBB0003A327 /* objclint */ = {
			isa = PBXNativeTarget;
			buildConfigurationList = B281CC99164ECEBB0003A327 /* Build configuration list for PBXNativeTarget "objclint" */;
			buildPhases = (
				B281CC8B164ECEBB0003A327 /* Sources */,
				B281CC8C164ECEBB0003A327 /* Frameworks */,
				B281CC8D164ECEBB0003A327 /* CopyFiles */,
			);
			buildRules = (
			);
			dependencies = (
			);
			name = objclint;
			productName = objclint;
			productReference = B281CC8F164ECEBB0003A327 /* objclint */;
			productType = "com.apple.product-type.tool";
		};
/* End PBXNativeTarget section */

/* Begin PBXProject section */
		B281CC86164ECEBB0003A327 /* Project object */ = {
			isa = PBXProject;
			attributes = {
				LastUpgradeCheck = 0450;
				ORGANIZATIONNAME = "Borsch Lab";
			};
			buildConfigurationList = B281CC89164ECEBB0003A327 /* Build configuration list for PBXProject "objclint" */;
			compatibilityVersion = "Xcode 3.2";
			developmentRegion = English;
			hasScannedForEncodings = 0;
			knownRegions = (
				en,
			);
			mainGroup = B281CC84164ECEBB0003A327;
			productRefGroup = B281CC90164ECEBB0003A327 /* Products */;
			projectDirPath = "";
			projectRoot = "";
			targets = (
				B281CC8E164ECEBB0003A327 /* objclint */,
				B26F85361675006C00F940F4 /* objclint-coordinator */,
			);
		};
/* End PBXProject section */

/* Begin PBXSourcesBuildPhase section */
		B26F85331675006C00F940F4 /* Sources */ = {
			isa = PBXSourcesBuildPhase;
			buildActionMask = 2147483647;
			files = (
				B26F85511675063F00F940F4 /* main.m in Sources */,
				B22690DB16751C3A005CF60C /* ObjclintSessionManager.m in Sources */,
			);
			runOnlyForDeploymentPostprocessing = 0;
		};
		B281CC8B164ECEBB0003A327 /* Sources */ = {
			isa = PBXSourcesBuildPhase;
			buildActionMask = 2147483647;
			files = (
				B26F854E1675063F00F940F4 /* main.m in Sources */,
				B27348FC168720960031D877 /* ClangUtils.m in Sources */,
				B27348FF168721620031D877 /* ClangSpellingLocation.m in Sources */,
			);
			runOnlyForDeploymentPostprocessing = 0;
		};
/* End PBXSourcesBuildPhase section */

/* Begin XCBuildConfiguration section */
		B26F85441675006D00F940F4 /* Debug */ = {
			isa = XCBuildConfiguration;
			buildSettings = {
				GCC_PRECOMPILE_PREFIX_HEADER = YES;
				GCC_PREFIX_HEADER = "src/objclint-coordinator/objclint-coordinator-Prefix.pch";
				PRODUCT_NAME = "$(TARGET_NAME)";
			};
			name = Debug;
		};
		B26F85451675006D00F940F4 /* Release */ = {
			isa = XCBuildConfiguration;
			buildSettings = {
				GCC_PRECOMPILE_PREFIX_HEADER = YES;
				GCC_PREFIX_HEADER = "src/objclint-coordinator/objclint-coordinator-Prefix.pch";
				PRODUCT_NAME = "$(TARGET_NAME)";
			};
			name = Release;
		};
		B281CC97164ECEBB0003A327 /* Debug */ = {
			isa = XCBuildConfiguration;
			buildSettings = {
				ALWAYS_SEARCH_USER_PATHS = NO;
				ARCHS = "$(ARCHS_STANDARD_64_BIT)";
				CLANG_CXX_LANGUAGE_STANDARD = "gnu++0x";
				CLANG_CXX_LIBRARY = "libc++";
				CLANG_WARN_EMPTY_BODY = YES;
				CLANG_WARN__DUPLICATE_METHOD_MATCH = YES;
				COPY_PHASE_STRIP = NO;
				GCC_C_LANGUAGE_STANDARD = gnu99;
				GCC_DYNAMIC_NO_PIC = NO;
				GCC_ENABLE_OBJC_EXCEPTIONS = YES;
				GCC_OPTIMIZATION_LEVEL = 0;
				GCC_PREPROCESSOR_DEFINITIONS = (
					"DEBUG=1",
					"$(inherited)",
				);
				GCC_SYMBOLS_PRIVATE_EXTERN = NO;
				GCC_WARN_64_TO_32_BIT_CONVERSION = YES;
				GCC_WARN_ABOUT_RETURN_TYPE = YES;
				GCC_WARN_UNINITIALIZED_AUTOS = YES;
				GCC_WARN_UNUSED_VARIABLE = YES;
				MACOSX_DEPLOYMENT_TARGET = 10.7;
				ONLY_ACTIVE_ARCH = YES;
				SDKROOT = macosx;
			};
			name = Debug;
		};
		B281CC98164ECEBB0003A327 /* Release */ = {
			isa = XCBuildConfiguration;
			buildSettings = {
				ALWAYS_SEARCH_USER_PATHS = NO;
				ARCHS = "$(ARCHS_STANDARD_64_BIT)";
				CLANG_CXX_LANGUAGE_STANDARD = "gnu++0x";
				CLANG_CXX_LIBRARY = "libc++";
				CLANG_WARN_EMPTY_BODY = YES;
				CLANG_WARN__DUPLICATE_METHOD_MATCH = YES;
				COPY_PHASE_STRIP = YES;
				DEBUG_INFORMATION_FORMAT = "dwarf-with-dsym";
				GCC_C_LANGUAGE_STANDARD = gnu99;
				GCC_ENABLE_OBJC_EXCEPTIONS = YES;
				GCC_WARN_64_TO_32_BIT_CONVERSION = YES;
				GCC_WARN_ABOUT_RETURN_TYPE = YES;
				GCC_WARN_UNINITIALIZED_AUTOS = YES;
				GCC_WARN_UNUSED_VARIABLE = YES;
				MACOSX_DEPLOYMENT_TARGET = 10.7;
				SDKROOT = macosx;
			};
			name = Release;
		};
		B281CC9A164ECEBB0003A327 /* Debug */ = {
			isa = XCBuildConfiguration;
			buildSettings = {
				CLANG_CXX_LANGUAGE_STANDARD = "gnu++0x";
				CLANG_CXX_LIBRARY = "libc++";
				HEADER_SEARCH_PATHS = (
					"./thirdparty/llvm-3.1/llvm-clang-build/include/clang-c",
					"./thirdparty/js-1.8.5/build/include",
				);
				LIBRARY_SEARCH_PATHS = (
					"$(inherited)",
					"\"$(SRCROOT)/thirdparty/llvm-3.1/llvm-clang-build/lib\"",
					"\"$(SRCROOT)/thirdparty/js-1.8.5/build/lib\"",
				);
				OTHER_LDFLAGS = (
					"-lstdc++",
					"\"$(SRCROOT)/thirdparty/llvm-3.1/llvm-clang-build/lib/libclang.a\"",
					"\"$(SRCROOT)/thirdparty/js-1.8.5/build/lib/libmozjs185-1.0.a\"",
					"\"$(SRCROOT)/thirdparty/llvm-3.1/llvm-clang-build/lib/libclangAST.a\"",
					"\"$(SRCROOT)/thirdparty/llvm-3.1/llvm-clang-build/lib/libclangLex.a\"",
					"\"$(SRCROOT)/thirdparty/llvm-3.1/llvm-clang-build/lib/libLLVMCore.a\"",
					"\"$(SRCROOT)/thirdparty/llvm-3.1/llvm-clang-build/lib/libclangEdit.a\"",
					"\"$(SRCROOT)/thirdparty/llvm-3.1/llvm-clang-build/lib/libclangParse.a\"",
					"\"$(SRCROOT)/thirdparty/llvm-3.1/llvm-clang-build/lib/libclangFrontend.a\"",
					"\"$(SRCROOT)/thirdparty/llvm-3.1/llvm-clang-build/lib/libclangSema.a\"",
					"\"$(SRCROOT)/thirdparty/llvm-3.1/llvm-clang-build/lib/libclangBasic.a\"",
					"\"$(SRCROOT)/thirdparty/llvm-3.1/llvm-clang-build/lib/libclangFrontendTool.a\"",
					"\"$(SRCROOT)/thirdparty/llvm-3.1/llvm-clang-build/lib/libclangAnalysis.a\"",
					"\"$(SRCROOT)/thirdparty/llvm-3.1/llvm-clang-build/lib/libclangSerialization.a\"",
					"\"$(SRCROOT)/thirdparty/llvm-3.1/llvm-clang-build/lib/libLLVMSupport.a\"",
					"\"$(SRCROOT)/thirdparty/llvm-3.1/llvm-clang-build/lib/libclangDriver.a\"",
					"\"$(SRCROOT)/thirdparty/llvm-3.1/llvm-clang-build/lib/libLLVMMC.a\"",
				);
				PRODUCT_NAME = "$(TARGET_NAME)";
			};
			name = Debug;
		};
		B281CC9B164ECEBB0003A327 /* Release */ = {
			isa = XCBuildConfiguration;
			buildSettings = {
				CLANG_CXX_LANGUAGE_STANDARD = "gnu++0x";
				CLANG_CXX_LIBRARY = "libc++";
				HEADER_SEARCH_PATHS = (
					"./thirdparty/llvm-3.1/llvm-clang-build/include/clang-c",
					"./thirdparty/js-1.8.5/build/include",
				);
				LIBRARY_SEARCH_PATHS = (
					"$(inherited)",
					"\"$(SRCROOT)/thirdparty/llvm-3.1/llvm-clang-build/lib\"",
					"\"$(SRCROOT)/thirdparty/js-1.8.5/build/lib\"",
				);
				OTHER_LDFLAGS = (
					"-lstdc++",
					"\"$(SRCROOT)/thirdparty/llvm-3.1/llvm-clang-build/lib/libclang.a\"",
					"\"$(SRCROOT)/thirdparty/js-1.8.5/build/lib/libmozjs185-1.0.a\"",
					"\"$(SRCROOT)/thirdparty/llvm-3.1/llvm-clang-build/lib/libclangAST.a\"",
					"\"$(SRCROOT)/thirdparty/llvm-3.1/llvm-clang-build/lib/libclangLex.a\"",
					"\"$(SRCROOT)/thirdparty/llvm-3.1/llvm-clang-build/lib/libLLVMCore.a\"",
					"\"$(SRCROOT)/thirdparty/llvm-3.1/llvm-clang-build/lib/libclangEdit.a\"",
					"\"$(SRCROOT)/thirdparty/llvm-3.1/llvm-clang-build/lib/libclangParse.a\"",
					"\"$(SRCROOT)/thirdparty/llvm-3.1/llvm-clang-build/lib/libclangFrontend.a\"",
					"\"$(SRCROOT)/thirdparty/llvm-3.1/llvm-clang-build/lib/libclangSema.a\"",
					"\"$(SRCROOT)/thirdparty/llvm-3.1/llvm-clang-build/lib/libclangBasic.a\"",
					"\"$(SRCROOT)/thirdparty/llvm-3.1/llvm-clang-build/lib/libclangFrontendTool.a\"",
					"\"$(SRCROOT)/thirdparty/llvm-3.1/llvm-clang-build/lib/libclangAnalysis.a\"",
					"\"$(SRCROOT)/thirdparty/llvm-3.1/llvm-clang-build/lib/libclangSerialization.a\"",
					"\"$(SRCROOT)/thirdparty/llvm-3.1/llvm-clang-build/lib/libLLVMSupport.a\"",
					"\"$(SRCROOT)/thirdparty/llvm-3.1/llvm-clang-build/lib/libclangDriver.a\"",
					"\"$(SRCROOT)/thirdparty/llvm-3.1/llvm-clang-build/lib/libLLVMMC.a\"",
				);
				PRODUCT_NAME = "$(TARGET_NAME)";
			};
			name = Release;
		};
/* End XCBuildConfiguration section */

/* Begin XCConfigurationList section */
		B26F85431675006D00F940F4 /* Build configuration list for PBXNativeTarget "objclint-coordinator" */ = {
			isa = XCConfigurationList;
			buildConfigurations = (
				B26F85441675006D00F940F4 /* Debug */,
				B26F85451675006D00F940F4 /* Release */,
			);
			defaultConfigurationIsVisible = 0;
			defaultConfigurationName = Release;
		};
		B281CC89164ECEBB0003A327 /* Build configuration list for PBXProject "objclint" */ = {
			isa = XCConfigurationList;
			buildConfigurations = (
				B281CC97164ECEBB0003A327 /* Debug */,
				B281CC98164ECEBB0003A327 /* Release */,
			);
			defaultConfigurationIsVisible = 0;
			defaultConfigurationName = Release;
		};
		B281CC99164ECEBB0003A327 /* Build configuration list for PBXNativeTarget "objclint" */ = {
			isa = XCConfigurationList;
			buildConfigurations = (
				B281CC9A164ECEBB0003A327 /* Debug */,
				B281CC9B164ECEBB0003A327 /* Release */,
			);
			defaultConfigurationIsVisible = 0;
			defaultConfigurationName = Release;
		};
/* End XCConfigurationList section */
	};
	rootObject = B281CC86164ECEBB0003A327 /* Project object */;
}
