// !$*UTF8*$!
{
	archiveVersion = 1;
	classes = {
	};
	objectVersion = 46;
	objects = {

/* Begin PBXBuildFile section */
		B22690DB16751C3A005CF60C /* ObjclintCoordinatorImpl.m in Sources */ = {isa = PBXBuildFile; fileRef = B22690DA16751C3A005CF60C /* ObjclintCoordinatorImpl.m */; };
		B25515AC171DD99F00F18E03 /* JSEnvironment.m in Sources */ = {isa = PBXBuildFile; fileRef = B25515AB171DD99F00F18E03 /* JSEnvironment.m */; };
		B25515AF171DDD6900F18E03 /* JSError.m in Sources */ = {isa = PBXBuildFile; fileRef = B25515AE171DDD6900F18E03 /* JSError.m */; };
		B267FB4F16B42BFE00E9FC66 /* clang-utils.c in Sources */ = {isa = PBXBuildFile; fileRef = B267FB4E16B42BFE00E9FC66 /* clang-utils.c */; };
		B26867B416AB1F5E00742C6D /* ObjclintSession.m in Sources */ = {isa = PBXBuildFile; fileRef = B26867B316AB1F5E00742C6D /* ObjclintSession.m */; };
		B26867B816AC009800742C6D /* CursorBinding.m in Sources */ = {isa = PBXBuildFile; fileRef = B26867B716AC009800742C6D /* CursorBinding.m */; };
		B26867BB16AC038E00742C6D /* ClangBindingsCollection.m in Sources */ = {isa = PBXBuildFile; fileRef = B26867BA16AC038E00742C6D /* ClangBindingsCollection.m */; };
		B26867C116AC059600742C6D /* TokenBinding.m in Sources */ = {isa = PBXBuildFile; fileRef = B26867C016AC059600742C6D /* TokenBinding.m */; };
		B26867C316AC48AA00742C6D /* clang-js-utils.c in Sources */ = {isa = PBXBuildFile; fileRef = B26867C216AC48AA00742C6D /* clang-js-utils.c */; };
		B26867C716AC714700742C6D /* DeclarationBinding.mm in Sources */ = {isa = PBXBuildFile; fileRef = B26867C616AC714700742C6D /* DeclarationBinding.mm */; };
		B26867CA16AC7CA600742C6D /* ObjCMethodDeclarationBinding.mm in Sources */ = {isa = PBXBuildFile; fileRef = B26867C916AC7CA600742C6D /* ObjCMethodDeclarationBinding.mm */; };
		B26867CD16AC87FE00742C6D /* DeclarationBinding+Protected.mm in Sources */ = {isa = PBXBuildFile; fileRef = B26867CC16AC87FE00742C6D /* DeclarationBinding+Protected.mm */; };
		B26EB6EC1731650B006B372D /* TextReportGenerator.m in Sources */ = {isa = PBXBuildFile; fileRef = B26EB6EB1731650B006B372D /* TextReportGenerator.m */; };
		B26F85311674F9DA00F940F4 /* Foundation.framework in Frameworks */ = {isa = PBXBuildFile; fileRef = B26F85301674F9DA00F940F4 /* Foundation.framework */; };
		B26F85461675007D00F940F4 /* Foundation.framework in Frameworks */ = {isa = PBXBuildFile; fileRef = B26F85301674F9DA00F940F4 /* Foundation.framework */; };
		B26F854E1675063F00F940F4 /* main.m in Sources */ = {isa = PBXBuildFile; fileRef = B26F85481675063F00F940F4 /* main.m */; };
		B26F85511675063F00F940F4 /* main.m in Sources */ = {isa = PBXBuildFile; fileRef = B26F854B1675063F00F940F4 /* main.m */; };
		B29A253717188CED0065B533 /* ObjclintIssue.m in Sources */ = {isa = PBXBuildFile; fileRef = B29A253617188CED0065B533 /* ObjclintIssue.m */; };
		B29A253817188CED0065B533 /* ObjclintIssue.m in Sources */ = {isa = PBXBuildFile; fileRef = B29A253617188CED0065B533 /* ObjclintIssue.m */; };
		B29A253C171898B00065B533 /* LintBinding.m in Sources */ = {isa = PBXBuildFile; fileRef = B29A253B171898B00065B533 /* LintBinding.m */; };
		B29A25461719542C0065B533 /* JSScriptsLoader.m in Sources */ = {isa = PBXBuildFile; fileRef = B29A25451719542C0065B533 /* JSScriptsLoader.m */; };
/* End PBXBuildFile section */

/* Begin PBXCopyFilesBuildPhase section */
		B26F85351675006C00F940F4 /* CopyFiles */ = {
			isa = PBXCopyFilesBuildPhase;
			buildActionMask = 2147483647;
			dstPath = /usr/share/man/man1/;
			dstSubfolderSpec = 0;
			files = (
			);
			runOnlyForDeploymentPostprocessing = 1;
		};
		B281CC8D164ECEBB0003A327 /* Copy Files */ = {
			isa = PBXCopyFilesBuildPhase;
			buildActionMask = 2147483647;
			dstPath = /usr/share/man/man1/;
			dstSubfolderSpec = 0;
			files = (
			);
			name = "Copy Files";
			runOnlyForDeploymentPostprocessing = 1;
		};
/* End PBXCopyFilesBuildPhase section */

/* Begin PBXFileReference section */
		B21972DD17770F6D006C2A81 /* objclint-dispatcher.py */ = {isa = PBXFileReference; lastKnownFileType = text.script.python; path = "objclint-dispatcher.py"; sourceTree = "<group>"; };
		B22690D916751C3A005CF60C /* ObjclintCoordinatorImpl.h */ = {isa = PBXFileReference; fileEncoding = 4; lastKnownFileType = sourcecode.c.h; path = ObjclintCoordinatorImpl.h; sourceTree = "<group>"; };
		B22690DA16751C3A005CF60C /* ObjclintCoordinatorImpl.m */ = {isa = PBXFileReference; fileEncoding = 4; lastKnownFileType = sourcecode.c.objc; path = ObjclintCoordinatorImpl.m; sourceTree = "<group>"; };
		B25515AA171DD99F00F18E03 /* JSEnvironment.h */ = {isa = PBXFileReference; fileEncoding = 4; lastKnownFileType = sourcecode.c.h; path = JSEnvironment.h; sourceTree = "<group>"; };
		B25515AB171DD99F00F18E03 /* JSEnvironment.m */ = {isa = PBXFileReference; fileEncoding = 4; lastKnownFileType = sourcecode.c.objc; path = JSEnvironment.m; sourceTree = "<group>"; };
		B25515AD171DDD6900F18E03 /* JSError.h */ = {isa = PBXFileReference; fileEncoding = 4; lastKnownFileType = sourcecode.c.h; path = JSError.h; sourceTree = "<group>"; };
		B25515AE171DDD6900F18E03 /* JSError.m */ = {isa = PBXFileReference; fileEncoding = 4; lastKnownFileType = sourcecode.c.objc; path = JSError.m; sourceTree = "<group>"; };
		B267FB4C16B4271500E9FC66 /* ClangBindings.h */ = {isa = PBXFileReference; lastKnownFileType = sourcecode.c.h; path = ClangBindings.h; sourceTree = "<group>"; };
		B267FB4E16B42BFE00E9FC66 /* clang-utils.c */ = {isa = PBXFileReference; fileEncoding = 4; lastKnownFileType = sourcecode.c.c; path = "clang-utils.c"; sourceTree = "<group>"; };
		B267FB5016B42C0A00E9FC66 /* clang-utils.h */ = {isa = PBXFileReference; lastKnownFileType = sourcecode.c.h; path = "clang-utils.h"; sourceTree = "<group>"; };
		B267FB5716B479BF00E9FC66 /* clang-cpp-api.h */ = {isa = PBXFileReference; lastKnownFileType = sourcecode.c.h; path = "clang-cpp-api.h"; sourceTree = "<group>"; };
		B26867B216AB1F5D00742C6D /* ObjclintSession.h */ = {isa = PBXFileReference; fileEncoding = 4; lastKnownFileType = sourcecode.c.h; path = ObjclintSession.h; sourceTree = "<group>"; };
		B26867B316AB1F5E00742C6D /* ObjclintSession.m */ = {isa = PBXFileReference; fileEncoding = 4; lastKnownFileType = sourcecode.c.objc; path = ObjclintSession.m; sourceTree = "<group>"; };
		B26867B616AC009800742C6D /* CursorBinding.h */ = {isa = PBXFileReference; fileEncoding = 4; lastKnownFileType = sourcecode.c.h; path = CursorBinding.h; sourceTree = "<group>"; };
		B26867B716AC009800742C6D /* CursorBinding.m */ = {isa = PBXFileReference; fileEncoding = 4; lastKnownFileType = sourcecode.c.objc; path = CursorBinding.m; sourceTree = "<group>"; };
		B26867B916AC038E00742C6D /* ClangBindingsCollection.h */ = {isa = PBXFileReference; fileEncoding = 4; lastKnownFileType = sourcecode.c.h; path = ClangBindingsCollection.h; sourceTree = "<group>"; };
		B26867BA16AC038E00742C6D /* ClangBindingsCollection.m */ = {isa = PBXFileReference; fileEncoding = 4; lastKnownFileType = sourcecode.c.objc; path = ClangBindingsCollection.m; sourceTree = "<group>"; };
		B26867BC16AC03C600742C6D /* ClangBinding.h */ = {isa = PBXFileReference; fileEncoding = 4; lastKnownFileType = sourcecode.c.h; path = ClangBinding.h; sourceTree = "<group>"; };
		B26867BF16AC059600742C6D /* TokenBinding.h */ = {isa = PBXFileReference; fileEncoding = 4; lastKnownFileType = sourcecode.c.h; path = TokenBinding.h; sourceTree = "<group>"; };
		B26867C016AC059600742C6D /* TokenBinding.m */ = {isa = PBXFileReference; fileEncoding = 4; lastKnownFileType = sourcecode.c.objc; path = TokenBinding.m; sourceTree = "<group>"; };
		B26867C216AC48AA00742C6D /* clang-js-utils.c */ = {isa = PBXFileReference; fileEncoding = 4; lastKnownFileType = sourcecode.c.c; path = "clang-js-utils.c"; sourceTree = "<group>"; };
		B26867C416AC48C100742C6D /* clang-js-utils.h */ = {isa = PBXFileReference; lastKnownFileType = sourcecode.c.h; path = "clang-js-utils.h"; sourceTree = "<group>"; };
		B26867C516AC714700742C6D /* DeclarationBinding.h */ = {isa = PBXFileReference; fileEncoding = 4; lastKnownFileType = sourcecode.c.h; path = DeclarationBinding.h; sourceTree = "<group>"; };
		B26867C616AC714700742C6D /* DeclarationBinding.mm */ = {isa = PBXFileReference; fileEncoding = 4; lastKnownFileType = sourcecode.cpp.objcpp; path = DeclarationBinding.mm; sourceTree = "<group>"; };
		B26867C816AC7CA500742C6D /* ObjCMethodDeclarationBinding.h */ = {isa = PBXFileReference; fileEncoding = 4; lastKnownFileType = sourcecode.c.h; path = ObjCMethodDeclarationBinding.h; sourceTree = "<group>"; };
		B26867C916AC7CA600742C6D /* ObjCMethodDeclarationBinding.mm */ = {isa = PBXFileReference; fileEncoding = 4; lastKnownFileType = sourcecode.cpp.objcpp; path = ObjCMethodDeclarationBinding.mm; sourceTree = "<group>"; };
		B26867CB16AC87FE00742C6D /* DeclarationBinding+Protected.h */ = {isa = PBXFileReference; fileEncoding = 4; lastKnownFileType = sourcecode.c.h; path = "DeclarationBinding+Protected.h"; sourceTree = "<group>"; };
		B26867CC16AC87FE00742C6D /* DeclarationBinding+Protected.mm */ = {isa = PBXFileReference; fileEncoding = 4; lastKnownFileType = sourcecode.cpp.objcpp; path = "DeclarationBinding+Protected.mm"; sourceTree = "<group>"; };
		B26EB6E91731642F006B372D /* ObjclintReportGenerator.h */ = {isa = PBXFileReference; fileEncoding = 4; lastKnownFileType = sourcecode.c.h; path = ObjclintReportGenerator.h; sourceTree = "<group>"; };
		B26EB6EA1731650B006B372D /* TextReportGenerator.h */ = {isa = PBXFileReference; fileEncoding = 4; lastKnownFileType = sourcecode.c.h; path = TextReportGenerator.h; sourceTree = "<group>"; };
		B26EB6EB1731650B006B372D /* TextReportGenerator.m */ = {isa = PBXFileReference; fileEncoding = 4; lastKnownFileType = sourcecode.c.objc; path = TextReportGenerator.m; sourceTree = "<group>"; };
		B26F85301674F9DA00F940F4 /* Foundation.framework */ = {isa = PBXFileReference; lastKnownFileType = wrapper.framework; name = Foundation.framework; path = System/Library/Frameworks/Foundation.framework; sourceTree = SDKROOT; };
		B26F85371675006C00F940F4 /* objclint-coordinator */ = {isa = PBXFileReference; explicitFileType = "compiled.mach-o.executable"; includeInIndex = 0; path = "objclint-coordinator"; sourceTree = BUILT_PRODUCTS_DIR; };
		B26F85481675063F00F940F4 /* main.m */ = {isa = PBXFileReference; fileEncoding = 4; lastKnownFileType = sourcecode.c.objc; path = main.m; sourceTree = "<group>"; };
		B26F85491675063F00F940F4 /* objclint */ = {isa = PBXFileReference; fileEncoding = 4; lastKnownFileType = text.script.python; path = objclint; sourceTree = "<group>"; };
		B26F854B1675063F00F940F4 /* main.m */ = {isa = PBXFileReference; fileEncoding = 4; lastKnownFileType = sourcecode.c.objc; path = main.m; sourceTree = "<group>"; };
		B26F854C1675063F00F940F4 /* objclint-coordinator-Prefix.pch */ = {isa = PBXFileReference; fileEncoding = 4; lastKnownFileType = sourcecode.c.h; path = "objclint-coordinator-Prefix.pch"; sourceTree = "<group>"; };
		B26F854D1675063F00F940F4 /* objclint-xcodebuild */ = {isa = PBXFileReference; fileEncoding = 4; lastKnownFileType = text.script.sh; path = "objclint-xcodebuild"; sourceTree = "<group>"; };
		B26F85521675074000F940F4 /* objclint-Prefix.pch */ = {isa = PBXFileReference; lastKnownFileType = sourcecode.c.h; path = "objclint-Prefix.pch"; sourceTree = "<group>"; };
		B26F8556167519C500F940F4 /* ObjclintCoordinator.h */ = {isa = PBXFileReference; lastKnownFileType = sourcecode.c.h; path = ObjclintCoordinator.h; sourceTree = "<group>"; };
		B27349051687A5970031D877 /* lint-check-ivars.js */ = {isa = PBXFileReference; lastKnownFileType = sourcecode.javascript; path = "lint-check-ivars.js"; sourceTree = "<group>"; };
		B2734909168C981C0031D877 /* lint-check-opening-curly-brace.js */ = {isa = PBXFileReference; lastKnownFileType = sourcecode.javascript; path = "lint-check-opening-curly-brace.js"; sourceTree = "<group>"; wrapsLines = 1; };
		B273490A168DF53C0031D877 /* lint-check-method-size.js */ = {isa = PBXFileReference; fileEncoding = 4; lastKnownFileType = sourcecode.javascript; path = "lint-check-method-size.js"; sourceTree = "<group>"; };
		B273490C168DF7B20031D877 /* lint-check-wrong-locals-names.js */ = {isa = PBXFileReference; fileEncoding = 4; lastKnownFileType = sourcecode.javascript; path = "lint-check-wrong-locals-names.js"; sourceTree = "<group>"; };
		B273490E168DFE8D0031D877 /* lint-check-one-class-one-file.js */ = {isa = PBXFileReference; fileEncoding = 4; lastKnownFileType = sourcecode.javascript; path = "lint-check-one-class-one-file.js"; sourceTree = "<group>"; };
		B281CC8F164ECEBB0003A327 /* objclint */ = {isa = PBXFileReference; explicitFileType = "compiled.mach-o.executable"; includeInIndex = 0; path = objclint; sourceTree = BUILT_PRODUCTS_DIR; };
		B28760D5168F480000754F42 /* lint-check-no-synthesize.js */ = {isa = PBXFileReference; fileEncoding = 4; lastKnownFileType = sourcecode.javascript; path = "lint-check-no-synthesize.js"; sourceTree = "<group>"; };
		B28760DF168F4A8B00754F42 /* lint-check-avoid-throw.js */ = {isa = PBXFileReference; fileEncoding = 4; lastKnownFileType = sourcecode.javascript; path = "lint-check-avoid-throw.js"; sourceTree = "<group>"; };
		B28760E1168F506000754F42 /* lint-check-delegate-property.js */ = {isa = PBXFileReference; fileEncoding = 4; lastKnownFileType = sourcecode.javascript; path = "lint-check-delegate-property.js"; sourceTree = "<group>"; };
		B28760E7168F616B00754F42 /* lint-check-avoid-get-set-method-names.js */ = {isa = PBXFileReference; fileEncoding = 4; lastKnownFileType = sourcecode.javascript; path = "lint-check-avoid-get-set-method-names.js"; sourceTree = "<group>"; };
		B28760F0168F91BC00754F42 /* lint-check-disallow-retain-count.js */ = {isa = PBXFileReference; fileEncoding = 4; lastKnownFileType = sourcecode.javascript; path = "lint-check-disallow-retain-count.js"; sourceTree = "<group>"; };
		B29A253517188CED0065B533 /* ObjclintIssue.h */ = {isa = PBXFileReference; fileEncoding = 4; lastKnownFileType = sourcecode.c.h; path = ObjclintIssue.h; sourceTree = "<group>"; };
		B29A253617188CED0065B533 /* ObjclintIssue.m */ = {isa = PBXFileReference; fileEncoding = 4; lastKnownFileType = sourcecode.c.objc; path = ObjclintIssue.m; sourceTree = "<group>"; };
		B29A253A171898B00065B533 /* LintBinding.h */ = {isa = PBXFileReference; fileEncoding = 4; lastKnownFileType = sourcecode.c.h; path = LintBinding.h; sourceTree = "<group>"; };
		B29A253B171898B00065B533 /* LintBinding.m */ = {isa = PBXFileReference; fileEncoding = 4; lastKnownFileType = sourcecode.c.objc; path = LintBinding.m; sourceTree = "<group>"; };
		B29A25431719542C0065B533 /* js.h */ = {isa = PBXFileReference; fileEncoding = 4; lastKnownFileType = sourcecode.c.h; path = js.h; sourceTree = "<group>"; };
		B29A25441719542C0065B533 /* JSScriptsLoader.h */ = {isa = PBXFileReference; fileEncoding = 4; lastKnownFileType = sourcecode.c.h; path = JSScriptsLoader.h; sourceTree = "<group>"; };
		B29A25451719542C0065B533 /* JSScriptsLoader.m */ = {isa = PBXFileReference; fileEncoding = 4; lastKnownFileType = sourcecode.c.objc; path = JSScriptsLoader.m; sourceTree = "<group>"; };
/* End PBXFileReference section */

/* Begin PBXFrameworksBuildPhase section */
		B26F85341675006C00F940F4 /* Frameworks */ = {
			isa = PBXFrameworksBuildPhase;
			buildActionMask = 2147483647;
			files = (
				B26F85461675007D00F940F4 /* Foundation.framework in Frameworks */,
			);
			runOnlyForDeploymentPostprocessing = 0;
		};
		B281CC8C164ECEBB0003A327 /* Frameworks */ = {
			isa = PBXFrameworksBuildPhase;
			buildActionMask = 2147483647;
			files = (
				B26F85311674F9DA00F940F4 /* Foundation.framework in Frameworks */,
			);
			runOnlyForDeploymentPostprocessing = 0;
		};
/* End PBXFrameworksBuildPhase section */

/* Begin PBXGroup section */
		B26111EF164ED0F20053F67B /* src */ = {
			isa = PBXGroup;
			children = (
				B27349041687A5970031D877 /* lint-checkers */,
				B29A253417188CD10065B533 /* common */,
				B26F85471675063F00F940F4 /* objclint */,
				B26F854A1675063F00F940F4 /* objclint-coordinator */,
				B26F854D1675063F00F940F4 /* objclint-xcodebuild */,
				B21972DD17770F6D006C2A81 /* objclint-dispatcher.py */,
				B26F8556167519C500F940F4 /* ObjclintCoordinator.h */,
			);
			path = src;
			sourceTree = "<group>";
		};
		B26867B516AC007500742C6D /* clang-js-bindings */ = {
			isa = PBXGroup;
			children = (
				B26867B616AC009800742C6D /* CursorBinding.h */,
				B26867B716AC009800742C6D /* CursorBinding.m */,
				B26867B916AC038E00742C6D /* ClangBindingsCollection.h */,
				B26867BA16AC038E00742C6D /* ClangBindingsCollection.m */,
				B26867BC16AC03C600742C6D /* ClangBinding.h */,
				B26867BF16AC059600742C6D /* TokenBinding.h */,
				B26867C016AC059600742C6D /* TokenBinding.m */,
				B26867C416AC48C100742C6D /* clang-js-utils.h */,
				B26867C216AC48AA00742C6D /* clang-js-utils.c */,
				B26867C516AC714700742C6D /* DeclarationBinding.h */,
				B26867C616AC714700742C6D /* DeclarationBinding.mm */,
				B26867C816AC7CA500742C6D /* ObjCMethodDeclarationBinding.h */,
				B26867C916AC7CA600742C6D /* ObjCMethodDeclarationBinding.mm */,
				B26867CB16AC87FE00742C6D /* DeclarationBinding+Protected.h */,
				B26867CC16AC87FE00742C6D /* DeclarationBinding+Protected.mm */,
				B267FB4C16B4271500E9FC66 /* ClangBindings.h */,
				B267FB5016B42C0A00E9FC66 /* clang-utils.h */,
				B267FB4E16B42BFE00E9FC66 /* clang-utils.c */,
				B267FB5716B479BF00E9FC66 /* clang-cpp-api.h */,
			);
			path = "clang-js-bindings";
			sourceTree = "<group>";
		};
		B26EB6E81731642F006B372D /* report-generators */ = {
			isa = PBXGroup;
			children = (
				B26EB6E91731642F006B372D /* ObjclintReportGenerator.h */,
				B26EB6EA1731650B006B372D /* TextReportGenerator.h */,
				B26EB6EB1731650B006B372D /* TextReportGenerator.m */,
			);
			path = "report-generators";
			sourceTree = "<group>";
		};
		B26F85321674F9E200F940F4 /* frameworks */ = {
			isa = PBXGroup;
			children = (
				B26F85301674F9DA00F940F4 /* Foundation.framework */,
			);
			name = frameworks;
			sourceTree = "<group>";
		};
		B26F85471675063F00F940F4 /* objclint */ = {
			isa = PBXGroup;
			children = (
				B29A25421719542B0065B533 /* js */,
				B29A25391718987F0065B533 /* lint-bindings */,
				B26867B516AC007500742C6D /* clang-js-bindings */,
				B26F85481675063F00F940F4 /* main.m */,
				B26F85491675063F00F940F4 /* objclint */,
				B26F85521675074000F940F4 /* objclint-Prefix.pch */,
				B26867B216AB1F5D00742C6D /* ObjclintSession.h */,
				B26867B316AB1F5E00742C6D /* ObjclintSession.m */,
			);
			path = objclint;
			sourceTree = "<group>";
		};
		B26F854A1675063F00F940F4 /* objclint-coordinator */ = {
			isa = PBXGroup;
			children = (
				B26EB6E81731642F006B372D /* report-generators */,
				B26F854B1675063F00F940F4 /* main.m */,
				B26F854C1675063F00F940F4 /* objclint-coordinator-Prefix.pch */,
				B22690D916751C3A005CF60C /* ObjclintCoordinatorImpl.h */,
				B22690DA16751C3A005CF60C /* ObjclintCoordinatorImpl.m */,
			);
			path = "objclint-coordinator";
			sourceTree = "<group>";
		};
		B27349041687A5970031D877 /* lint-checkers */ = {
			isa = PBXGroup;
			children = (
				B27349051687A5970031D877 /* lint-check-ivars.js */,
				B2734909168C981C0031D877 /* lint-check-opening-curly-brace.js */,
				B273490A168DF53C0031D877 /* lint-check-method-size.js */,
				B273490C168DF7B20031D877 /* lint-check-wrong-locals-names.js */,
				B273490E168DFE8D0031D877 /* lint-check-one-class-one-file.js */,
				B28760D5168F480000754F42 /* lint-check-no-synthesize.js */,
				B28760DF168F4A8B00754F42 /* lint-check-avoid-throw.js */,
				B28760E1168F506000754F42 /* lint-check-delegate-property.js */,
				B28760E7168F616B00754F42 /* lint-check-avoid-get-set-method-names.js */,
				B28760F0168F91BC00754F42 /* lint-check-disallow-retain-count.js */,
			);
			path = "lint-checkers";
			sourceTree = "<group>";
		};
		B281CC84164ECEBB0003A327 = {
			isa = PBXGroup;
			children = (
				B26F85321674F9E200F940F4 /* frameworks */,
				B26111EF164ED0F20053F67B /* src */,
				B281CC90164ECEBB0003A327 /* Products */,
			);
			sourceTree = "<group>";
		};
		B281CC90164ECEBB0003A327 /* Products */ = {
			isa = PBXGroup;
			children = (
				B281CC8F164ECEBB0003A327 /* objclint */,
				B26F85371675006C00F940F4 /* objclint-coordinator */,
			);
			name = Products;
			sourceTree = "<group>";
		};
		B29A253417188CD10065B533 /* common */ = {
			isa = PBXGroup;
			children = (
				B29A253517188CED0065B533 /* ObjclintIssue.h */,
				B29A253617188CED0065B533 /* ObjclintIssue.m */,
			);
			path = common;
			sourceTree = "<group>";
		};
		B29A25391718987F0065B533 /* lint-bindings */ = {
			isa = PBXGroup;
			children = (
				B29A253A171898B00065B533 /* LintBinding.h */,
				B29A253B171898B00065B533 /* LintBinding.m */,
			);
			path = "lint-bindings";
			sourceTree = "<group>";
		};
		B29A25421719542B0065B533 /* js */ = {
			isa = PBXGroup;
			children = (
				B29A25431719542C0065B533 /* js.h */,
				B29A25441719542C0065B533 /* JSScriptsLoader.h */,
				B29A25451719542C0065B533 /* JSScriptsLoader.m */,
				B25515AA171DD99F00F18E03 /* JSEnvironment.h */,
				B25515AB171DD99F00F18E03 /* JSEnvironment.m */,
				B25515AD171DDD6900F18E03 /* JSError.h */,
				B25515AE171DDD6900F18E03 /* JSError.m */,
			);
			path = js;
			sourceTree = "<group>";
		};
/* End PBXGroup section */

/* Begin PBXNativeTarget section */
		B26F85361675006C00F940F4 /* objclint-coordinator */ = {
			isa = PBXNativeTarget;
			buildConfigurationList = B26F85431675006D00F940F4 /* Build configuration list for PBXNativeTarget "objclint-coordinator" */;
			buildPhases = (
				B26F85331675006C00F940F4 /* Sources */,
				B26F85341675006C00F940F4 /* Frameworks */,
				B26F85351675006C00F940F4 /* CopyFiles */,
			);
			buildRules = (
			);
			dependencies = (
			);
			name = "objclint-coordinator";
			productName = "objclint-coordinator";
			productReference = B26F85371675006C00F940F4 /* objclint-coordinator */;
			productType = "com.apple.product-type.tool";
		};
		B281CC8E164ECEBB0003A327 /* objclint */ = {
			isa = PBXNativeTarget;
			buildConfigurationList = B281CC99164ECEBB0003A327 /* Build configuration list for PBXNativeTarget "objclint" */;
			buildPhases = (
				B281CC8B164ECEBB0003A327 /* Sources */,
				B281CC8C164ECEBB0003A327 /* Frameworks */,
				B281CC8D164ECEBB0003A327 /* Copy Files */,
			);
			buildRules = (
			);
			dependencies = (
			);
			name = objclint;
			productName = objclint;
			productReference = B281CC8F164ECEBB0003A327 /* objclint */;
			productType = "com.apple.product-type.tool";
		};
/* End PBXNativeTarget section */

/* Begin PBXProject section */
		B281CC86164ECEBB0003A327 /* Project object */ = {
			isa = PBXProject;
			attributes = {
				LastUpgradeCheck = 0450;
				ORGANIZATIONNAME = "Alexander Smirnov";
			};
			buildConfigurationList = B281CC89164ECEBB0003A327 /* Build configuration list for PBXProject "objclint" */;
			compatibilityVersion = "Xcode 3.2";
			developmentRegion = English;
			hasScannedForEncodings = 0;
			knownRegions = (
				en,
			);
			mainGroup = B281CC84164ECEBB0003A327;
			productRefGroup = B281CC90164ECEBB0003A327 /* Products */;
			projectDirPath = "";
			projectRoot = "";
			targets = (
				B281CC8E164ECEBB0003A327 /* objclint */,
				B26F85361675006C00F940F4 /* objclint-coordinator */,
			);
		};
/* End PBXProject section */

/* Begin PBXSourcesBuildPhase section */
		B26F85331675006C00F940F4 /* Sources */ = {
			isa = PBXSourcesBuildPhase;
			buildActionMask = 2147483647;
			files = (
				B26F85511675063F00F940F4 /* main.m in Sources */,
				B22690DB16751C3A005CF60C /* ObjclintCoordinatorImpl.m in Sources */,
				B29A253817188CED0065B533 /* ObjclintIssue.m in Sources */,
				B26EB6EC1731650B006B372D /* TextReportGenerator.m in Sources */,
			);
			runOnlyForDeploymentPostprocessing = 0;
		};
		B281CC8B164ECEBB0003A327 /* Sources */ = {
			isa = PBXSourcesBuildPhase;
			buildActionMask = 2147483647;
			files = (
				B26F854E1675063F00F940F4 /* main.m in Sources */,
				B26867B416AB1F5E00742C6D /* ObjclintSession.m in Sources */,
				B26867B816AC009800742C6D /* CursorBinding.m in Sources */,
				B26867BB16AC038E00742C6D /* ClangBindingsCollection.m in Sources */,
				B26867C116AC059600742C6D /* TokenBinding.m in Sources */,
				B26867C316AC48AA00742C6D /* clang-js-utils.c in Sources */,
				B26867C716AC714700742C6D /* DeclarationBinding.mm in Sources */,
				B26867CA16AC7CA600742C6D /* ObjCMethodDeclarationBinding.mm in Sources */,
				B26867CD16AC87FE00742C6D /* DeclarationBinding+Protected.mm in Sources */,
				B267FB4F16B42BFE00E9FC66 /* clang-utils.c in Sources */,
				B29A253717188CED0065B533 /* ObjclintIssue.m in Sources */,
				B29A253C171898B00065B533 /* LintBinding.m in Sources */,
				B29A25461719542C0065B533 /* JSScriptsLoader.m in Sources */,
				B25515AC171DD99F00F18E03 /* JSEnvironment.m in Sources */,
				B25515AF171DDD6900F18E03 /* JSError.m in Sources */,
			);
			runOnlyForDeploymentPostprocessing = 0;
		};
/* End PBXSourcesBuildPhase section */

/* Begin XCBuildConfiguration section */
		B26F85441675006D00F940F4 /* Debug */ = {
			isa = XCBuildConfiguration;
			buildSettings = {
				GCC_PRECOMPILE_PREFIX_HEADER = YES;
				GCC_PREFIX_HEADER = "src/objclint-coordinator/objclint-coordinator-Prefix.pch";
				PRODUCT_NAME = "$(TARGET_NAME)";
			};
			name = Debug;
		};
		B26F85451675006D00F940F4 /* Release */ = {
			isa = XCBuildConfiguration;
			buildSettings = {
				GCC_PRECOMPILE_PREFIX_HEADER = YES;
				GCC_PREFIX_HEADER = "src/objclint-coordinator/objclint-coordinator-Prefix.pch";
				PRODUCT_NAME = "$(TARGET_NAME)";
			};
			name = Release;
		};
		B281CC97164ECEBB0003A327 /* Debug */ = {
			isa = XCBuildConfiguration;
			buildSettings = {
				ALWAYS_SEARCH_USER_PATHS = NO;
				ARCHS = "$(ARCHS_STANDARD_64_BIT)";
				CLANG_CXX_LANGUAGE_STANDARD = "gnu++0x";
				CLANG_CXX_LIBRARY = "libc++";
				CLANG_WARN_EMPTY_BODY = YES;
				CLANG_WARN__DUPLICATE_METHOD_MATCH = YES;
				COPY_PHASE_STRIP = NO;
				GCC_C_LANGUAGE_STANDARD = gnu99;
				GCC_DYNAMIC_NO_PIC = NO;
				GCC_ENABLE_OBJC_EXCEPTIONS = YES;
				GCC_OPTIMIZATION_LEVEL = 0;
				GCC_PREPROCESSOR_DEFINITIONS = (
					"DEBUG=1",
					"$(inherited)",
				);
				GCC_SYMBOLS_PRIVATE_EXTERN = NO;
				GCC_WARN_64_TO_32_BIT_CONVERSION = YES;
				GCC_WARN_ABOUT_RETURN_TYPE = YES;
				GCC_WARN_UNINITIALIZED_AUTOS = YES;
				GCC_WARN_UNUSED_VARIABLE = YES;
				MACOSX_DEPLOYMENT_TARGET = 10.7;
				ONLY_ACTIVE_ARCH = YES;
				SDKROOT = macosx;
			};
			name = Debug;
		};
		B281CC98164ECEBB0003A327 /* Release */ = {
			isa = XCBuildConfiguration;
			buildSettings = {
				ALWAYS_SEARCH_USER_PATHS = NO;
				ARCHS = "$(ARCHS_STANDARD_64_BIT)";
				CLANG_CXX_LANGUAGE_STANDARD = "gnu++0x";
				CLANG_CXX_LIBRARY = "libc++";
				CLANG_WARN_EMPTY_BODY = YES;
				CLANG_WARN__DUPLICATE_METHOD_MATCH = YES;
				COPY_PHASE_STRIP = YES;
				DEBUG_INFORMATION_FORMAT = "dwarf-with-dsym";
				GCC_C_LANGUAGE_STANDARD = gnu99;
				GCC_ENABLE_OBJC_EXCEPTIONS = YES;
				GCC_WARN_64_TO_32_BIT_CONVERSION = YES;
				GCC_WARN_ABOUT_RETURN_TYPE = YES;
				GCC_WARN_UNINITIALIZED_AUTOS = YES;
				GCC_WARN_UNUSED_VARIABLE = YES;
				MACOSX_DEPLOYMENT_TARGET = 10.7;
				SDKROOT = macosx;
			};
			name = Release;
		};
		B281CC9A164ECEBB0003A327 /* Debug */ = {
			isa = XCBuildConfiguration;
			buildSettings = {
				ARCHS = "$(ARCHS_STANDARD_64_BIT)";
				CLANG_CXX_LANGUAGE_STANDARD = "c++98";
				CLANG_CXX_LIBRARY = "libstdc++";
				HEADER_SEARCH_PATHS = (
					"./thirdparty/llvm-3.3/llvm-clang-build/include",
					"./thirdparty/js-1.8.5/build/include",
				);
				LIBRARY_SEARCH_PATHS = (
					"$(inherited)",
					"\"$(SRCROOT)/thirdparty/llvm-3.3/llvm-clang-build/lib\"",
					"\"$(SRCROOT)/thirdparty/js-1.8.5/build/lib\"",
				);
				OTHER_LDFLAGS = (
					"-lstdc++",
					"\"$(SRCROOT)/thirdparty/llvm-3.3/llvm-clang-build/lib/libLLVMBitReader.a\"",
					"\"$(SRCROOT)/thirdparty/llvm-3.3/llvm-clang-build/lib/libclangRewriteCore.a\"",
					"\"$(SRCROOT)/thirdparty/llvm-3.3/llvm-clang-build/lib/libclang.a\"",
					"\"$(SRCROOT)/thirdparty/js-1.8.5/build/lib/libmozjs185-1.0.a\"",
					"\"$(SRCROOT)/thirdparty/llvm-3.3/llvm-clang-build/lib/libclangAST.a\"",
					"\"$(SRCROOT)/thirdparty/llvm-3.3/llvm-clang-build/lib/libclangLex.a\"",
					"\"$(SRCROOT)/thirdparty/llvm-3.3/llvm-clang-build/lib/libLLVMCore.a\"",
					"\"$(SRCROOT)/thirdparty/llvm-3.3/llvm-clang-build/lib/libclangEdit.a\"",
					"\"$(SRCROOT)/thirdparty/llvm-3.3/llvm-clang-build/lib/libLLVMMCParser.a\"",
					"\"$(SRCROOT)/thirdparty/llvm-3.3/llvm-clang-build/lib/libclangParse.a\"",
					"\"$(SRCROOT)/thirdparty/llvm-3.3/llvm-clang-build/lib/libclangFrontend.a\"",
					"\"$(SRCROOT)/thirdparty/llvm-3.3/llvm-clang-build/lib/libclangSema.a\"",
					"\"$(SRCROOT)/thirdparty/llvm-3.3/llvm-clang-build/lib/libclangBasic.a\"",
					"\"$(SRCROOT)/thirdparty/llvm-3.3/llvm-clang-build/lib/libclangFrontendTool.a\"",
					"\"$(SRCROOT)/thirdparty/llvm-3.3/llvm-clang-build/lib/libclangAnalysis.a\"",
					"\"$(SRCROOT)/thirdparty/llvm-3.3/llvm-clang-build/lib/libclangSerialization.a\"",
					"\"$(SRCROOT)/thirdparty/llvm-3.3/llvm-clang-build/lib/libLLVMSupport.a\"",
					"\"$(SRCROOT)/thirdparty/llvm-3.3/llvm-clang-build/lib/libclangDriver.a\"",
					"\"$(SRCROOT)/thirdparty/llvm-3.3/llvm-clang-build/lib/libLLVMMC.a\"",
					"\"$(SRCROOT)/thirdparty/llvm-3.3/llvm-clang-build/lib/libLLVMAsmParser.a\"",
				);
				PRODUCT_NAME = "$(TARGET_NAME)";
				VALID_ARCHS = "i386 x86_64";
			};
			name = Debug;
		};
		B281CC9B164ECEBB0003A327 /* Release */ = {
			isa = XCBuildConfiguration;
			buildSettings = {
				ARCHS = "$(ARCHS_STANDARD_64_BIT)";
				CLANG_CXX_LANGUAGE_STANDARD = "c++98";
				CLANG_CXX_LIBRARY = "libstdc++";
				HEADER_SEARCH_PATHS = (
					"./thirdparty/llvm-3.3/llvm-clang-build/include",
					"./thirdparty/js-1.8.5/build/include",
				);
				LIBRARY_SEARCH_PATHS = (
					"$(inherited)",
					"\"$(SRCROOT)/thirdparty/llvm-3.3/llvm-clang-build/lib\"",
					"\"$(SRCROOT)/thirdparty/js-1.8.5/build/lib\"",
				);
				OTHER_LDFLAGS = (
					"-lstdc++",
					"\"$(SRCROOT)/thirdparty/llvm-3.3/llvm-clang-build/lib/libLLVMBitReader.a\"",
					"\"$(SRCROOT)/thirdparty/llvm-3.3/llvm-clang-build/lib/libclangRewriteCore.a\"",
					"\"$(SRCROOT)/thirdparty/llvm-3.3/llvm-clang-build/lib/libclang.a\"",
					"\"$(SRCROOT)/thirdparty/js-1.8.5/build/lib/libmozjs185-1.0.a\"",
					"\"$(SRCROOT)/thirdparty/llvm-3.3/llvm-clang-build/lib/libclangAST.a\"",
					"\"$(SRCROOT)/thirdparty/llvm-3.3/llvm-clang-build/lib/libclangLex.a\"",
					"\"$(SRCROOT)/thirdparty/llvm-3.3/llvm-clang-build/lib/libLLVMCore.a\"",
					"\"$(SRCROOT)/thirdparty/llvm-3.3/llvm-clang-build/lib/libclangEdit.a\"",
					"\"$(SRCROOT)/thirdparty/llvm-3.3/llvm-clang-build/lib/libLLVMMCParser.a\"",
					"\"$(SRCROOT)/thirdparty/llvm-3.3/llvm-clang-build/lib/libclangParse.a\"",
					"\"$(SRCROOT)/thirdparty/llvm-3.3/llvm-clang-build/lib/libclangFrontend.a\"",
					"\"$(SRCROOT)/thirdparty/llvm-3.3/llvm-clang-build/lib/libclangSema.a\"",
					"\"$(SRCROOT)/thirdparty/llvm-3.3/llvm-clang-build/lib/libclangBasic.a\"",
					"\"$(SRCROOT)/thirdparty/llvm-3.3/llvm-clang-build/lib/libclangFrontendTool.a\"",
					"\"$(SRCROOT)/thirdparty/llvm-3.3/llvm-clang-build/lib/libclangAnalysis.a\"",
					"\"$(SRCROOT)/thirdparty/llvm-3.3/llvm-clang-build/lib/libclangSerialization.a\"",
					"\"$(SRCROOT)/thirdparty/llvm-3.3/llvm-clang-build/lib/libLLVMSupport.a\"",
					"\"$(SRCROOT)/thirdparty/llvm-3.3/llvm-clang-build/lib/libclangDriver.a\"",
					"\"$(SRCROOT)/thirdparty/llvm-3.3/llvm-clang-build/lib/libLLVMMC.a\"",
					"\"$(SRCROOT)/thirdparty/llvm-3.3/llvm-clang-build/lib/libLLVMAsmParser.a\"",
				);
				PRODUCT_NAME = "$(TARGET_NAME)";
				VALID_ARCHS = "i386 x86_64";
			};
			name = Release;
		};
/* End XCBuildConfiguration section */

/* Begin XCConfigurationList section */
		B26F85431675006D00F940F4 /* Build configuration list for PBXNativeTarget "objclint-coordinator" */ = {
			isa = XCConfigurationList;
			buildConfigurations = (
				B26F85441675006D00F940F4 /* Debug */,
				B26F85451675006D00F940F4 /* Release */,
			);
			defaultConfigurationIsVisible = 0;
			defaultConfigurationName = Release;
		};
		B281CC89164ECEBB0003A327 /* Build configuration list for PBXProject "objclint" */ = {
			isa = XCConfigurationList;
			buildConfigurations = (
				B281CC97164ECEBB0003A327 /* Debug */,
				B281CC98164ECEBB0003A327 /* Release */,
			);
			defaultConfigurationIsVisible = 0;
			defaultConfigurationName = Release;
		};
		B281CC99164ECEBB0003A327 /* Build configuration list for PBXNativeTarget "objclint" */ = {
			isa = XCConfigurationList;
			buildConfigurations = (
				B281CC9A164ECEBB0003A327 /* Debug */,
				B281CC9B164ECEBB0003A327 /* Release */,
			);
			defaultConfigurationIsVisible = 0;
			defaultConfigurationName = Release;
		};
/* End XCConfigurationList section */
	};
	rootObject = B281CC86164ECEBB0003A327 /* Project object */;
}
